
Microsoft Visual Studio Solution File, Format Version 12.00
# Visual Studio 15
VisualStudioVersion = 15.0.28307.1705
MinimumVisualStudioVersion = 10.0.40219.1
Project("{FAE04EC0-301F-11D3-BF4B-00C04F79EFBC}") = "RentalKendaraan", "RentalKendaraan\RentalKendaraan.csproj", "{FA511BC1-FF30-41DC-9CD1-79299B8B50D0}"
EndProject
Global
	GlobalSection(SolutionConfigurationPlatforms) = preSolution
		Debug|Any CPU = Debug|Any CPU
		Release|Any CPU = Release|Any CPU
	EndGlobalSection
	GlobalSection(ProjectConfigurationPlatforms) = postSolution
		{FA511BC1-FF30-41DC-9CD1-79299B8B50D0}.Debug|Any CPU.ActiveCfg = Debug|Any CPU
		{FA511BC1-FF30-41DC-9CD1-79299B8B50D0}.Debug|Any CPU.Build.0 = Debug|Any CPU
		{FA511BC1-FF30-41DC-9CD1-79299B8B50D0}.Release|Any CPU.ActiveCfg = Release|Any CPU
		{FA511BC1-FF30-41DC-9CD1-79299B8B50D0}.Release|Any CPU.Build.0 = Release|Any CPU
	EndGlobalSection
	GlobalSection(SolutionProperties) = preSolution
		HideSolutionNode = FALSE
	EndGlobalSection
	GlobalSection(ExtensibilityGlobals) = postSolution
		SolutionGuid = {B31A1266-E460-4542-AA83-E60A1A0F0117}
	EndGlobalSection
EndGlobal
